
Microsoft Visual Studio Solution File, Format Version 12.00
# Visual Studio Version 16
VisualStudioVersion = 16.0.31624.102
MinimumVisualStudioVersion = 10.0.40219.1
Project("{FAE04EC0-301F-11D3-BF4B-00C04F79EFBC}") = "ForbiddenWordsLib", "ForbiddenWordsLib\ForbiddenWordsLib.csproj", "{7FB365D6-9195-4ABF-BDD6-7E0F7716C12D}"
EndProject
Project("{FAE04EC0-301F-11D3-BF4B-00C04F79EFBC}") = "ForbiddenWordsConsole", "ForbiddenWordsConsole\ForbiddenWordsConsole.csproj", "{13A6833C-CBE3-4B4B-87BF-2032C6F210DD}"
EndProject
Project("{FAE04EC0-301F-11D3-BF4B-00C04F79EFBC}") = "ForbiddenWordsLibUnitTests", "ForbiddenWordsLibUnitTests\ForbiddenWordsLibUnitTests.csproj", "{2B68590E-5809-4AA7-8635-79196A2509E1}"
EndProject
Global
	GlobalSection(SolutionConfigurationPlatforms) = preSolution
		Debug|Any CPU = Debug|Any CPU
		Release|Any CPU = Release|Any CPU
	EndGlobalSection
	GlobalSection(ProjectConfigurationPlatforms) = postSolution
		{7FB365D6-9195-4ABF-BDD6-7E0F7716C12D}.Debug|Any CPU.ActiveCfg = Debug|Any CPU
		{7FB365D6-9195-4ABF-BDD6-7E0F7716C12D}.Debug|Any CPU.Build.0 = Debug|Any CPU
		{7FB365D6-9195-4ABF-BDD6-7E0F7716C12D}.Release|Any CPU.ActiveCfg = Release|Any CPU
		{7FB365D6-9195-4ABF-BDD6-7E0F7716C12D}.Release|Any CPU.Build.0 = Release|Any CPU
		{13A6833C-CBE3-4B4B-87BF-2032C6F210DD}.Debug|Any CPU.ActiveCfg = Debug|Any CPU
		{13A6833C-CBE3-4B4B-87BF-2032C6F210DD}.Debug|Any CPU.Build.0 = Debug|Any CPU
		{13A6833C-CBE3-4B4B-87BF-2032C6F210DD}.Release|Any CPU.ActiveCfg = Release|Any CPU
		{13A6833C-CBE3-4B4B-87BF-2032C6F210DD}.Release|Any CPU.Build.0 = Release|Any CPU
		{2B68590E-5809-4AA7-8635-79196A2509E1}.Debug|Any CPU.ActiveCfg = Debug|Any CPU
		{2B68590E-5809-4AA7-8635-79196A2509E1}.Debug|Any CPU.Build.0 = Debug|Any CPU
		{2B68590E-5809-4AA7-8635-79196A2509E1}.Release|Any CPU.ActiveCfg = Release|Any CPU
		{2B68590E-5809-4AA7-8635-79196A2509E1}.Release|Any CPU.Build.0 = Release|Any CPU
	EndGlobalSection
	GlobalSection(SolutionProperties) = preSolution
		HideSolutionNode = FALSE
	EndGlobalSection
	GlobalSection(ExtensibilityGlobals) = postSolution
		SolutionGuid = {CA5E7322-8122-4EBD-B82B-93D613664FBB}
	EndGlobalSection
EndGlobal
